github.com/google/go-cmp v0.5.6 h1:BKbKCqvP6I+rmFHt06ZmyQtvB8xAkWdhFyr0ZUNZcxQ=
github.com/google/go-cmp v0.5.6/go.mod h1:v8dTdLbMG2kIc/vJvl+f65V22dbkXbowE6jgT/gNBxE=
github.com/jgroeneveld/schema v1.0.0 h1:J0E10CrOkiSEsw6dfb1IfrDJD14pf6QLVJ3tRPl/syI=
github.com/jgroeneveld/schema v1.0.0/go.mod h1:M14lv7sNMtGvo3ops1MwslaSYgDYxrSmbzWIQ0Mr5rs=
github.com/jgroeneveld/trial v2.0.0+incompatible h1:d59ctdgor+VqdZCAiUfVN8K13s0ALDioG5DWwZNtRuQ=
github.com/jgroeneveld/trial v2.0.0+incompatible/go.mod h1:I6INLW96EN8WysNBXUFI3M4RIC8ePg9ntAc/Wy+U/+M=
golang.org/x/xerrors v0.0.0-20191204190536-9bdfabe68543 h1:E7g+9GITq07hpfrRu66IVDexMakfv52eLZ2CXBWiKr4=
golang.org/x/xerrors v0.0.0-20191204190536-9bdfabe68543/go.mod h1:I/5z698sn9Ka8TeJc9MKroUUfqBBauWjQqLJ2OPfmY0=
